{
  "nodes": {
    "nixpkgs": {
      "locked": {
        "lastModified": 1737507713,
        "narHash": "sha256-w5xL1oUVRZRC6mZ9CcuhfLn3b1vB5SXEMyzBQH8btvc=",
        "owner": "NixOS",
        "repo": "nixpkgs",
        "rev": "0d6514cc638f30997676f5be71317c7dc917ef0f",
        "type": "github"
      },
      "original": {
        "owner": "NixOS",
        "ref": "release-24.11",
        "repo": "nixpkgs",
        "type": "github"
      }
    },
    "root": {
      "inputs": {
        "nixpkgs": "nixpkgs",
        "zmk-nix": "zmk-nix"
      }
    },
    "zmk-nix": {
      "inputs": {
        "nixpkgs": [
          "nixpkgs"
        ]
      },
      "locked": {
        "lastModified": 1737246925,
        "narHash": "sha256-nSRpkH3aQjNv8NdKWyPSpfBOfGr4Eb8Tt0MuBT3IShs=",
        "owner": "lilyinstarlight",
        "repo": "zmk-nix",
        "rev": "39b9c8ddf0ef5dc49f601ebed9622cc1043c8c56",
        "type": "github"
      },
      "original": {
        "owner": "lilyinstarlight",
        "repo": "zmk-nix",
        "type": "github"
      }
    }
  },
  "root": "root",
  "version": 7
}
