{
  "nodes": {
    "nixpkgs": {
      "locked": {
        "lastModified": 1738452591,
        "narHash": "sha256-Zk/XAfxRGfWS9RzfgWcVNk5FmbRZpIjugopiNcPtgLg=",
        "owner": "NixOS",
        "repo": "nixpkgs",
        "rev": "e023f35e56dfda07d3cabf6ec52d78fe18f16b6b",
        "type": "github"
      },
      "original": {
        "owner": "NixOS",
        "ref": "release-24.11",
        "repo": "nixpkgs",
        "type": "github"
      }
    },
    "root": {
      "inputs": {
        "nixpkgs": "nixpkgs",
        "zmk-nix": "zmk-nix"
      }
    },
    "zmk-nix": {
      "inputs": {
        "nixpkgs": [
          "nixpkgs"
        ]
      },
      "locked": {
        "lastModified": 1738456521,
        "narHash": "sha256-mG9NayMhZMEGLDwei0HIVwFz4mMAU7wwkMnGLQrDBVw=",
        "owner": "lilyinstarlight",
        "repo": "zmk-nix",
        "rev": "9c823f84ce55f44a44dcb3c61283a42d3f7bf860",
        "type": "github"
      },
      "original": {
        "owner": "lilyinstarlight",
        "repo": "zmk-nix",
        "type": "github"
      }
    }
  },
  "root": "root",
  "version": 7
}
